
Microsoft Visual Studio Solution File, Format Version 12.00
# Visual Studio Version 17
VisualStudioVersion = 17.0.31903.59
MinimumVisualStudioVersion = 10.0.40219.1
Project("{FAE04EC0-301F-11D3-BF4B-00C04F79EFBC}") = "AliceBot.Core", "AliceBot.Core\AliceBot.Core.csproj", "{AF2D1375-51B6-4BE1-873C-B331E3191FFC}"
EndProject
Project("{FAE04EC0-301F-11D3-BF4B-00C04F79EFBC}") = "AliceBot.Core.Test", "AliceBot.Core.Test\AliceBot.Core.Test.csproj", "{1D80D28C-D4D5-4926-B883-C8824C02C053}"
EndProject
Global
	GlobalSection(SolutionConfigurationPlatforms) = preSolution
		Debug|Any CPU = Debug|Any CPU
		Release|Any CPU = Release|Any CPU
	EndGlobalSection
	GlobalSection(SolutionProperties) = preSolution
		HideSolutionNode = FALSE
	EndGlobalSection
	GlobalSection(ProjectConfigurationPlatforms) = postSolution
		{AF2D1375-51B6-4BE1-873C-B331E3191FFC}.Debug|Any CPU.ActiveCfg = Debug|Any CPU
		{AF2D1375-51B6-4BE1-873C-B331E3191FFC}.Debug|Any CPU.Build.0 = Debug|Any CPU
		{AF2D1375-51B6-4BE1-873C-B331E3191FFC}.Release|Any CPU.ActiveCfg = Release|Any CPU
		{AF2D1375-51B6-4BE1-873C-B331E3191FFC}.Release|Any CPU.Build.0 = Release|Any CPU
		{1D80D28C-D4D5-4926-B883-C8824C02C053}.Debug|Any CPU.ActiveCfg = Debug|Any CPU
		{1D80D28C-D4D5-4926-B883-C8824C02C053}.Debug|Any CPU.Build.0 = Debug|Any CPU
		{1D80D28C-D4D5-4926-B883-C8824C02C053}.Release|Any CPU.ActiveCfg = Release|Any CPU
		{1D80D28C-D4D5-4926-B883-C8824C02C053}.Release|Any CPU.Build.0 = Release|Any CPU
	EndGlobalSection
EndGlobal
